$begin 'ConnectionParameters'
	DesktopProcessID=6868
	DesktopProcessPath='C:\\Program Files\\AnsysEM\\Maxwell16.0\\Win64\\maxwell.exe'
	LaunchedByWB=false
	$begin 'DesktopStubBlock'
		$begin 'CommDetails'
			TransportType=1
			IPAddress='192.168.255.12'
			ListenPort='50213'
			IPAddressVector[2: '192.168.163.68', '192.168.56.1']
		$end 'CommDetails'
		$begin 'Marshall'
			InstanceID=503
			ProcID=6868
			InterfaceID=1
			FactoryIntID='DesktopInterfaceForWBProxyStubFactory'
		$end 'Marshall'
	$end 'DesktopStubBlock'
	$begin 'DesktopBackgroundObjStubBlock'
		$begin 'CommDetails'
			TransportType=1
			IPAddress='192.168.255.12'
			ListenPort='50213'
			IPAddressVector[2: '192.168.163.68', '192.168.56.1']
		$end 'CommDetails'
		$begin 'Marshall'
			InstanceID=505
			ProcID=6868
			InterfaceID=2
			FactoryIntID='DesktopInterfaceForWBProxyStubFactory'
		$end 'Marshall'
	$end 'DesktopBackgroundObjStubBlock'
$end 'ConnectionParameters'
